
Microsoft Visual Studio Solution File, Format Version 12.00
# Visual Studio Version 16
VisualStudioVersion = 16.0.29728.190
MinimumVisualStudioVersion = 10.0.40219.1
Project("{FAE04EC0-301F-11D3-BF4B-00C04F79EFBC}") = "CMP1903M_W07", "CMP1903M_W07\CMP1903M_W07.csproj", "{FF1FD175-0D1D-4F9D-8E7C-FA1184C08302}"
EndProject
Global
	GlobalSection(SolutionConfigurationPlatforms) = preSolution
		Debug|Any CPU = Debug|Any CPU
		Release|Any CPU = Release|Any CPU
	EndGlobalSection
	GlobalSection(ProjectConfigurationPlatforms) = postSolution
		{FF1FD175-0D1D-4F9D-8E7C-FA1184C08302}.Debug|Any CPU.ActiveCfg = Debug|Any CPU
		{FF1FD175-0D1D-4F9D-8E7C-FA1184C08302}.Debug|Any CPU.Build.0 = Debug|Any CPU
		{FF1FD175-0D1D-4F9D-8E7C-FA1184C08302}.Release|Any CPU.ActiveCfg = Release|Any CPU
		{FF1FD175-0D1D-4F9D-8E7C-FA1184C08302}.Release|Any CPU.Build.0 = Release|Any CPU
	EndGlobalSection
	GlobalSection(SolutionProperties) = preSolution
		HideSolutionNode = FALSE
	EndGlobalSection
	GlobalSection(ExtensibilityGlobals) = postSolution
		SolutionGuid = {EC44AEEB-6EFB-476E-B774-07A47CD8A82B}
	EndGlobalSection
EndGlobal
